{
  "object": {
    "pins": [
      {
        "package": "Mobile Buy SDK",
        "repositoryURL": "https://github.com/Shopify/mobile-buy-sdk-ios",
        "state": {
          "branch": "unstable-api-duties-snapshot",
          "revision": "4b4f63af8d5144b1b29665eff3bb143f8f05db53",
          "version": null
        }
      }
    ]
  },
  "version": 1
}
