{
  "object": {
    "pins": [
      {
        "package": "Mobile Buy SDK",
        "repositoryURL": "https://github.com/Shopify/mobile-buy-sdk-ios",
        "state": {
          "branch": null,
          "revision": "ae783b33100e23b8cd6e61d848d966923e3cc992",
          "version": "6.0.0"
        }
      }
    ]
  },
  "version": 1
}
